version = 1
revision = 3
requires-python = ">=3.14"

[[package]]
name = "blake3"
version = "1.0.9"
source = { registry = "https://pypi.org/simple" }
sdist = { url = "https://files.pythonhosted.org/packages/26/6a/4cc5a9dd40fd8a6d283fd3761e5f59c490109571ef8e3c73245417e5a305/blake3-1.0.9.tar.gz", hash = "sha256:5fa374fa5070ca084368776c19b420157eb0f2d3f091343d6bc59189929d62e2", size = 116872, upload-time = "2026-06-22T18:02:25.366Z" }
wheels = [
    { url = "https://files.pythonhosted.org/packages/2e/4b/b2dd7c25378a3b5de30ed908d38e6427bc4c644c0c12e8359361abd3a9ca/blake3-1.0.9-cp314-cp314-macosx_10_12_x86_64.whl", hash = "sha256:ab0c030cf6644c30e786b0e785bde4e4596013ae9ea6ce9877e39d52383e25d7", size = 345406, upload-time = "2026-06-22T18:01:10.311Z" },
    { url = "https://files.pythonhosted.org/packages/c6/dc/c0dab2963ddf04a4a938363f61716f9b75de6d3a9bc4a89e78f0854d4d31/blake3-1.0.9-cp314-cp314-macosx_11_0_arm64.whl", hash = "sha256:83b4a2336105af3800f7e17ac4b943f293a3927a2d66a6308d50dba944a6953e", size = 330077, upload-time = "2026-06-22T18:01:11.926Z" },
    { url = "https://files.pythonhosted.org/packages/20/f1/d03950a86d105a6332a8c422cb87658a7d247e214f1ea8f29ed09ff04e00/blake3-1.0.9-cp314-cp314-manylinux_2_17_aarch64.manylinux2014_aarch64.whl", hash = "sha256:95fc3545f80901b0dcd0508d16bc40f15ae39556709fa6cf86675f742d4f3c9c", size = 375147, upload-time = "2026-06-22T18:01:13.198Z" },
    { url = "https://files.pythonhosted.org/packages/10/75/711b1842e0a90aaad6a1c9a9022e90aa16206ac1f224516118bc24482532/blake3-1.0.9-cp314-cp314-manylinux_2_17_armv7l.manylinux2014_armv7l.whl", hash = "sha256:1bd981dc318c05375c3160a99df493b7cc4c83fffa1a34d14b18a071b47b262b", size = 373711, upload-time = "2026-06-22T18:01:14.606Z" },
    { url = "https://files.pythonhosted.org/packages/9e/a0/f512799d1d0c0b4718fa6f0e99ccbe108e98bac7bf82c200803a62b57876/blake3-1.0.9-cp314-cp314-manylinux_2_17_i686.manylinux2014_i686.whl", hash = "sha256:689a7e4069de681d9c5d9445b8b6473ee880ad04d7960a6789c60bd788980250", size = 446993, upload-time = "2026-06-22T18:01:15.924Z" },
    { url = "https://files.pythonhosted.org/packages/60/fb/6636ae8a46fc3352694188f5a5a325567782bc88fd1823b0b67be2c92184/blake3-1.0.9-cp314-cp314-manylinux_2_17_ppc64le.manylinux2014_ppc64le.whl", hash = "sha256:8adb0b0032e53919ee95b3d4f911448d3268316c28cd7df232ff2a1e7c9a4ba4", size = 488478, upload-time = "2026-06-22T18:01:17.271Z" },
    { url = "https://files.pythonhosted.org/packages/1e/c5/a2b3c086f7e37c9db6017dc2890a76ad2a729e4a554896e855e511811e6b/blake3-1.0.9-cp314-cp314-manylinux_2_17_s390x.manylinux2014_s390x.whl", hash = "sha256:32bd4521ec2d477627ad93eb70f9ac4d01e12d1489024159bcaeff79466332f6", size = 384900, upload-time = "2026-06-22T18:01:18.802Z" },
    { url = "https://files.pythonhosted.org/packages/e1/b8/1298806dd6c464a6f807df24c9640ad3bf27ee54ff4de82b2b5a823a8aba/blake3-1.0.9-cp314-cp314-manylinux_2_17_x86_64.manylinux2014_x86_64.whl", hash = "sha256:f65d77eb05331495485048f6804f53885b192b998acb7e6fe1487d941bf08435", size = 384333, upload-time = "2026-06-22T18:01:20.35Z" },
    { url = "https://files.pythonhosted.org/packages/3c/cc/0c29d9404155adfd6db716e9765d36ea6cbed287060759f5d764f0d9d99e/blake3-1.0.9-cp314-cp314-manylinux_2_31_riscv64.whl", hash = "sha256:ca7dfe8fb197ff8a3f5c915424183ccd52a99e8afb12680f51b2e1f4c9c6c97f", size = 381142, upload-time = "2026-06-22T18:01:21.744Z" },
    { url = "https://files.pythonhosted.org/packages/d6/91/9af20d563f0ced71e08a60fc0ee534146da4e265710ed6792d5d799f4c0f/blake3-1.0.9-cp314-cp314-musllinux_1_1_aarch64.whl", hash = "sha256:f5c9d57f0dcb92243b6ae575c3065793edc9df9008d0ebd98d8245cdeb7c3f84", size = 550587, upload-time = "2026-06-22T18:01:23.381Z" },
    { url = "https://files.pythonhosted.org/packages/d0/fa/06f46fc0aa486b799d776f9a80ed0b3605e2be1570cf48007860948aa5d9/blake3-1.0.9-cp314-cp314-musllinux_1_1_x86_64.whl", hash = "sha256:172d44245a19dfec08ab771c1b7a506b97783163cdc65f559fe020007e403c99", size = 591888, upload-time = "2026-06-22T18:01:24.805Z" },
    { url = "https://files.pythonhosted.org/packages/50/68/d6198f4069a7c4a184ed854df45b82cc3e2d4b0be476b2a3ee65ad2344cf/blake3-1.0.9-cp314-cp314-win32.whl", hash = "sha256:249e5964fa9e768924bc7cc3d4efe75a425bb5dd3fb7671c3eda8eeddfa50591", size = 229410, upload-time = "2026-06-22T18:01:26.24Z" },
    { url = "https://files.pythonhosted.org/packages/63/ab/f29af72a8312b3827b50e55491f1bf9ae2347591de5c47365c5cbd2525a9/blake3-1.0.9-cp314-cp314-win_amd64.whl", hash = "sha256:0aba416bb2e3ef0c65e74d5eba21062483c714cd78e7e303c9d03c547fc7d015", size = 218526, upload-time = "2026-06-22T18:01:27.779Z" },
    { url = "https://files.pythonhosted.org/packages/47/7e/d932fe437ccf656cfba77abc466fb3d1a0ce3c31df92e760d9e4c34932b4/blake3-1.0.9-cp314-cp314t-macosx_10_12_x86_64.whl", hash = "sha256:5b35abe24a66a7b3db423eb4f8668ed7be1a362aa9c0024ab6483ec0b2c16058", size = 345049, upload-time = "2026-06-22T18:01:29.228Z" },
    { url = "https://files.pythonhosted.org/packages/55/1e/d92fb284fcacf86f5d1083e29d0a8c834b60432786928915238d9760f514/blake3-1.0.9-cp314-cp314t-macosx_11_0_arm64.whl", hash = "sha256:1bbdff61e049297ef3180867ce1f079cea7e5b372fd76953c3183da5b8124206", size = 329367, upload-time = "2026-06-22T18:01:30.566Z" },
    { url = "https://files.pythonhosted.org/packages/9d/da/e25fa75d5bfea4527fc21024dde86a9376db798e469a084741968299f215/blake3-1.0.9-cp314-cp314t-manylinux_2_17_aarch64.manylinux2014_aarch64.whl", hash = "sha256:09a69fcedf06785bb81d4d3d39f95ee65dbaf2cb246e174cfc9ff64d027f7551", size = 374203, upload-time = "2026-06-22T18:01:31.998Z" },
    { url = "https://files.pythonhosted.org/packages/4f/4d/0224916202b773dfdf08dcbe4ed1ad1018d4ddcd4df7a7e2978d28f89b74/blake3-1.0.9-cp314-cp314t-manylinux_2_17_armv7l.manylinux2014_armv7l.whl", hash = "sha256:b5d5bf0f68cd77108a942c95db98e960d9c3d5643b95172f783822ce22667759", size = 373713, upload-time = "2026-06-22T18:01:33.387Z" },
    { url = "https://files.pythonhosted.org/packages/b8/e5/4ba968831b7afaec431c588c826cef76a96d6d6976188ed07d932072e673/blake3-1.0.9-cp314-cp314t-manylinux_2_17_i686.manylinux2014_i686.whl", hash = "sha256:9767f16199b99aa022b61ff825ac4dbd39864bf637ae712605a2ce1f8b6a55e0", size = 446574, upload-time = "2026-06-22T18:01:34.687Z" },
    { url = "https://files.pythonhosted.org/packages/ac/f5/08a9099c7177f282d2563abe4f7cc626c636642f7979cf58f2ab7ded2096/blake3-1.0.9-cp314-cp314t-manylinux_2_17_ppc64le.manylinux2014_ppc64le.whl", hash = "sha256:4865a8cfb2b3d7c0baf5267f2fa6816a3384e836cd1bd0caf359f406cb1e8fba", size = 487232, upload-time = "2026-06-22T18:01:36.131Z" },
    { url = "https://files.pythonhosted.org/packages/76/16/9392bf1ebc81b5b09ce58b94613fa2d37308e825ff2dc7b54d00ee622c77/blake3-1.0.9-cp314-cp314t-manylinux_2_17_s390x.manylinux2014_s390x.whl", hash = "sha256:42609e4adc4b2d7423137f2cb35135bca598b925c5af09d2bc0a2c368b25aeb1", size = 384751, upload-time = "2026-06-22T18:01:37.512Z" },
    { url = "https://files.pythonhosted.org/packages/84/fc/b6e9aef02ca14ef62fa47783b9eeeb5b2d3f73fdf698d8bb94c36f5dd69f/blake3-1.0.9-cp314-cp314t-manylinux_2_17_x86_64.manylinux2014_x86_64.whl", hash = "sha256:c7f648fa425138452d1e585ac625c7aefddb946d9765906c4c12d564a1523cd8", size = 384546, upload-time = "2026-06-22T18:01:38.868Z" },
    { url = "https://files.pythonhosted.org/packages/ff/cb/452e92dba9402b36a953aa8b9b06253445ccce43dcd0bcf521c5e3c3e15d/blake3-1.0.9-cp314-cp314t-manylinux_2_31_riscv64.whl", hash = "sha256:9cef6d4d07a7de0c44f5ba17f6383d55276d9efc8d601f75113538fcaa35008b", size = 380596, upload-time = "2026-06-22T18:01:40.412Z" },
    { url = "https://files.pythonhosted.org/packages/b2/01/7a84a7e10c5d14e6ed8a4403bd7f64c1e01f8ebabea0d6fe5f093b894cbd/blake3-1.0.9-cp314-cp314t-musllinux_1_1_aarch64.whl", hash = "sha256:28404301de485e9546365d01b30f65eaa835520c4211d6ef61242975b6722b60", size = 550032, upload-time = "2026-06-22T18:01:41.955Z" },
    { url = "https://files.pythonhosted.org/packages/58/7d/7aea0222f59cf84044ec52e2bfdaa0e3c355d221292b0ea1b722cf1edd6c/blake3-1.0.9-cp314-cp314t-musllinux_1_1_x86_64.whl", hash = "sha256:8a99f896e7718050ed033a888245098aab3d6a5338f91cc9450c563b53f90ad5", size = 592244, upload-time = "2026-06-22T18:01:43.426Z" },
    { url = "https://files.pythonhosted.org/packages/c0/e5/b44c230108745ff9c70c7bbafe22563772bc0c22322a8d15c10455f6ca02/blake3-1.0.9-cp314-cp314t-win32.whl", hash = "sha256:021309d760b390706fecf13498f9a25aa8f689bbb65a0896029b8fa223aae18b", size = 229481, upload-time = "2026-06-22T18:01:45.307Z" },
    { url = "https://files.pythonhosted.org/packages/ec/a6/ac03f37dc9aeebf398d42089720648b3bc8438e733d3e522196c5d12ab39/blake3-1.0.9-cp314-cp314t-win_amd64.whl", hash = "sha256:5ea0c60dd9c1e3d05610606579e4bf80f562854c46ed55f9ee8545e18987a480", size = 217979, upload-time = "2026-06-22T18:01:46.629Z" },
]

[[package]]
name = "cairn"
version = "0.0.1"
source = { editable = "." }
dependencies = [
    { name = "blake3" },
    { name = "cypari2" },
]

[package.dev-dependencies]
dev = [
    { name = "hypothesis" },
    { name = "pytest" },
]

[package.metadata]
requires-dist = [
    { name = "blake3", specifier = ">=1.0.9" },
    { name = "cypari2", specifier = ">=2.2.4" },
]

[package.metadata.requires-dev]
dev = [
    { name = "hypothesis", specifier = ">=6.165.10" },
    { name = "pytest", specifier = ">=9.1.1" },
]

[[package]]
name = "colorama"
version = "0.4.6"
source = { registry = "https://pypi.org/simple" }
sdist = { url = "https://files.pythonhosted.org/packages/d8/53/6f443c9a4a8358a93a6792e2acffb9d9d5cb0a5cfd8802644b7b1c9a02e4/colorama-0.4.6.tar.gz", hash = "sha256:08695f5cb7ed6e0531a20572697297273c47b8cae5a63ffc6d6ed5c201be6e44", size = 27697, upload-time = "2022-10-25T02:36:22.414Z" }
wheels = [
    { url = "https://files.pythonhosted.org/packages/d1/d6/3965ed04c63042e047cb6a3e6ed1a63a35087b6a609aa3a15ed8ac56c221/colorama-0.4.6-py2.py3-none-any.whl", hash = "sha256:4f1d9991f5acc0ca119f9d443620b77f9d6b33703e51011c16baf57afb285fc6", size = 25335, upload-time = "2022-10-25T02:36:20.889Z" },
]

[[package]]
name = "cypari2"
version = "2.2.4"
source = { registry = "https://pypi.org/simple" }
dependencies = [
    { name = "cysignals" },
]
sdist = { url = "https://files.pythonhosted.org/packages/48/34/3f8671615a7ac0c6de69ca4ba7d9f640a46198cf020eca114eda33dd25f4/cypari2-2.2.4.tar.gz", hash = "sha256:f9f0e994a9a0b064619320411e1d9c303158847e055b58082efdade5ac97f613", size = 692543, upload-time = "2025-10-31T15:15:03.071Z" }
wheels = [
    { url = "https://files.pythonhosted.org/packages/71/15/fa62d9e34860835b7ee68524c0da7719f974427fa19fbe725507c8397525/cypari2-2.2.4-cp314-cp314-macosx_13_0_x86_64.whl", hash = "sha256:2bf676779e685416eba9242446fb5877731b92821b5683ab1b7d03298b1c6b52", size = 7469824, upload-time = "2025-10-31T15:14:42.045Z" },
    { url = "https://files.pythonhosted.org/packages/cd/55/9123244fcdcae6b9c764f8032e2f1ab31e432d85869a9900610b57f75a8c/cypari2-2.2.4-cp314-cp314-macosx_15_0_arm64.whl", hash = "sha256:b325670c10b76639726ad6ed0a4eb8fd19dfba9d87592559c30fcb06ca611ce2", size = 6743211, upload-time = "2025-10-31T15:14:43.644Z" },
    { url = "https://files.pythonhosted.org/packages/40/0c/2735e9257d510a5cf89fd7c9526fa59c082d21ca76809a5ca49f342e3b60/cypari2-2.2.4-cp314-cp314-manylinux2014_aarch64.manylinux_2_17_aarch64.manylinux_2_28_aarch64.whl", hash = "sha256:4403d0eeb0474a6fc499a1bdc4677de4d3131070ce8fc0eea0b245f80334b602", size = 8357982, upload-time = "2025-10-31T15:14:45.067Z" },
    { url = "https://files.pythonhosted.org/packages/93/e2/2a2418bb36aac1cafacf6fece3fdbbd85be1569e1c630aa78e5e7450deac/cypari2-2.2.4-cp314-cp314-manylinux2014_x86_64.manylinux_2_17_x86_64.manylinux_2_28_x86_64.whl", hash = "sha256:20937f0bbfe716b6a30b365bfcc86032c539d1f9a9ba9769231be7eaad0fe036", size = 9474528, upload-time = "2025-10-31T15:14:46.905Z" },
    { url = "https://files.pythonhosted.org/packages/2f/01/bf733bd16fe7c4c068f1ad29cb4aef7652e56a579ea3b80909a267073b7f/cypari2-2.2.4-cp314-cp314-musllinux_1_2_aarch64.whl", hash = "sha256:78341cdb7447bde14baabee763e3c67cef36c1c3b76489c84b41e6c7594a83c0", size = 8496735, upload-time = "2025-10-31T15:14:48.77Z" },
    { url = "https://files.pythonhosted.org/packages/2b/36/943589098f1e255b143856dfbeef8ae335e7175c28bda48bf79ba200335f/cypari2-2.2.4-cp314-cp314-musllinux_1_2_x86_64.whl", hash = "sha256:4374b61c48ab61641bd9e48c8ad5c21ef5beda1db3c1ac138e273ab49cd8d514", size = 9545601, upload-time = "2025-10-31T15:14:50.985Z" },
    { url = "https://files.pythonhosted.org/packages/75/71/45f83a2b601af423fb8127193fe58ee4762e386e59e2ae66b903d45feca2/cypari2-2.2.4-cp314-cp314t-macosx_13_0_x86_64.whl", hash = "sha256:dc7ebf6bf6f03d9fc718e2a0327b67cd1272fc5800b0d56a6200d8fa619a697f", size = 7552912, upload-time = "2025-10-31T15:14:52.709Z" },
    { url = "https://files.pythonhosted.org/packages/26/92/9744b2c0072dc6e007607d95004773f26001de56bedcf33096c81e138912/cypari2-2.2.4-cp314-cp314t-macosx_15_0_arm64.whl", hash = "sha256:e0cb5849fc90af8b0b62fa79d27639fcb318c4e4a495e7e6f17daf4ec99667fc", size = 6833047, upload-time = "2025-10-31T15:14:54.153Z" },
    { url = "https://files.pythonhosted.org/packages/5f/85/57bd59e6e8c5de763db24d82a57edf085b74f180f375f5f2a3b83d253b05/cypari2-2.2.4-cp314-cp314t-manylinux2014_aarch64.manylinux_2_17_aarch64.manylinux_2_28_aarch64.whl", hash = "sha256:641dffd22ba34dee3326b6edad74d77728c20ee63cc344d9ad819dbdc7fba710", size = 8355978, upload-time = "2025-10-31T15:14:55.634Z" },
    { url = "https://files.pythonhosted.org/packages/f1/3c/e65b1e603c77eece94f6f6ed5d2b157b05c7d04193864094e7e0dc959ac7/cypari2-2.2.4-cp314-cp314t-manylinux2014_x86_64.manylinux_2_17_x86_64.manylinux_2_28_x86_64.whl", hash = "sha256:cf19c15d86529bb6102785f3706b2066a4928511744acc2b0561ae54c3cdf95e", size = 9398296, upload-time = "2025-10-31T15:14:57.152Z" },
    { url = "https://files.pythonhosted.org/packages/7c/45/918273ce17501e3b8532c42a57925d7bbf106d17d6a7aaeca9cbbb3571f6/cypari2-2.2.4-cp314-cp314t-musllinux_1_2_aarch64.whl", hash = "sha256:2e7217948789a0aaf940d07c1be8c9e790d0c05289f93f2116f5179715f5c3b9", size = 8496316, upload-time = "2025-10-31T15:14:59.54Z" },
    { url = "https://files.pythonhosted.org/packages/e9/0a/81535ae4eeff933d3f4dbc97da5377c584577341eddbd5a646296453b5a0/cypari2-2.2.4-cp314-cp314t-musllinux_1_2_x86_64.whl", hash = "sha256:f30a3b5a245163ce926d95b3d72d7380eaadd1763c9b45011a062ed8acbafb05", size = 9472670, upload-time = "2025-10-31T15:15:01.514Z" },
]

[[package]]
name = "cysignals"
version = "1.12.6"
source = { registry = "https://pypi.org/simple" }
sdist = { url = "https://files.pythonhosted.org/packages/b9/5a/d258fd8d6ee1538b8472f39051a87d3d6aa2ab26ffa2da4ac809fb851b88/cysignals-1.12.6.tar.gz", hash = "sha256:3ef3a37bdb244821b85475a08e2762ca1019570b369e321504995fa9a54675ce", size = 79583, upload-time = "2025-10-30T04:28:44.463Z" }
wheels = [
    { url = "https://files.pythonhosted.org/packages/d9/0c/db66ab5e7be5454e39eac13e5a5bf908b28af590cb4e75a5d9da5005ab7b/cysignals-1.12.6-cp314-cp314-macosx_11_0_arm64.whl", hash = "sha256:f0e1b9c1f0a1a6ddc3b550893aa032cb2e865a60b8480d3ec61bf4f24f232cf1", size = 219287, upload-time = "2025-10-30T04:28:29.603Z" },
    { url = "https://files.pythonhosted.org/packages/23/ea/e60bf45dbfb49a349b2ac9812526be40cc17a6b854308301932883dad85b/cysignals-1.12.6-cp314-cp314-manylinux2014_x86_64.manylinux_2_17_x86_64.manylinux_2_28_x86_64.whl", hash = "sha256:948d9b0fcdb54d6ef0624991fb22b9c57a63467da56d46bc1f8edb618c900584", size = 269488, upload-time = "2025-10-30T04:28:31.005Z" },
    { url = "https://files.pythonhosted.org/packages/71/bb/2f4097bcc7b6de3cceba80d830c653dc893feeef0914066580770aba1cdf/cysignals-1.12.6-cp314-cp314-musllinux_1_2_x86_64.whl", hash = "sha256:8eceead50d00487179017eb81b00a7bbf2acfcef6869ba950a13e0e3ee5fef07", size = 272516, upload-time = "2025-10-30T04:28:32.798Z" },
    { url = "https://files.pythonhosted.org/packages/de/49/77aa0bed4d5aba945977b3ee786755f09071bc136a2daf7d64475308b6b3/cysignals-1.12.6-cp314-cp314-win_amd64.whl", hash = "sha256:77fc10e45f7ee704adf6d217812a6fa58b983fff22ceb1c8530dd27bc067d6d0", size = 54400, upload-time = "2025-10-30T04:28:34.4Z" },
    { url = "https://files.pythonhosted.org/packages/df/a4/af33931a416b07385df9adba5d162ed47818b57bfd7f9c7a3e71bd984760/cysignals-1.12.6-cp314-cp314-win_arm64.whl", hash = "sha256:34e19f1abcf40d08634b07bd4ac21852f9e4091e9245012b031fa923a1d7d7fe", size = 51826, upload-time = "2025-10-30T04:28:35.581Z" },
    { url = "https://files.pythonhosted.org/packages/75/f8/25a75c4106eb1ed54b0ab928d8206d3906bcf708ef952a141fff88e2c034/cysignals-1.12.6-cp314-cp314t-macosx_11_0_arm64.whl", hash = "sha256:83c4f6bb0cd1fc58fc55a3f0dbca0e1229113e3faf06e9a1a7f9cb19a4263f6f", size = 231614, upload-time = "2025-10-30T04:28:36.785Z" },
    { url = "https://files.pythonhosted.org/packages/07/13/b10ef901ded109b6e86fadf123b7d8dc3646f64aefb5633e5b85bcd09ccb/cysignals-1.12.6-cp314-cp314t-manylinux2014_x86_64.manylinux_2_17_x86_64.manylinux_2_28_x86_64.whl", hash = "sha256:8fd29e7452de0d8c7a929b29e8ba7f8bfa84fca746e80263799db026b56b8a1e", size = 279460, upload-time = "2025-10-30T04:28:38.282Z" },
    { url = "https://files.pythonhosted.org/packages/15/55/ba70d9babff953d1b1730bd685ad47c2a4cee2f384a23d74f7f952d1f4e8/cysignals-1.12.6-cp314-cp314t-musllinux_1_2_x86_64.whl", hash = "sha256:576c16e08b4a917c23ca6d586131a53bedc921b9af8e311dbfc145d39dacd9cd", size = 283163, upload-time = "2025-10-30T04:28:40.517Z" },
    { url = "https://files.pythonhosted.org/packages/db/76/db8b9ad792cd0aa68b96931ccbf0502c2f1acc1e87c7ccb07c7b52517754/cysignals-1.12.6-cp314-cp314t-win_amd64.whl", hash = "sha256:8876ac137f055c20cba80b73bce8908afe24bb62fa1c6f9889c30354e53ea4e6", size = 59881, upload-time = "2025-10-30T04:28:41.716Z" },
    { url = "https://files.pythonhosted.org/packages/58/08/6056364ba9e90e861c11c2ca9158dda31eadf587c6254f47de8f061bd08b/cysignals-1.12.6-cp314-cp314t-win_arm64.whl", hash = "sha256:ba487c5b75c2b4ab480bc5bc59d6c0a540443db133ce1565e925179e7f5f3c10", size = 54005, upload-time = "2025-10-30T04:28:43.249Z" },
]

[[package]]
name = "hypothesis"
version = "6.165.10"
source = { registry = "https://pypi.org/simple" }
dependencies = [
    { name = "sortedcontainers" },
]
sdist = { url = "https://files.pythonhosted.org/packages/5c/e2/0fad246d2b6330e1f78479bfc566b5c22be82aee8a865cde9a08f648487d/hypothesis-6.165.10.tar.gz", hash = "sha256:68b45e09834cd80523cb1eb274463073c7a9af4e4ef7cff34d9615f355572d32", size = 503703, upload-time = "2026-08-16T22:56:15.404Z" }
wheels = [
    { url = "https://files.pythonhosted.org/packages/05/c1/9a9538e6d185baf5cc7f15bc3b76e08efbb3de4b3c782f234356449c0dd7/hypothesis-6.165.10-cp310-abi3-macosx_10_12_x86_64.whl", hash = "sha256:f839d29d0cc12048cf073d88ca4fdf94d420bc2b8afd69641ff6d496422ccd4f", size = 783243, upload-time = "2026-08-16T22:55:44.058Z" },
    { url = "https://files.pythonhosted.org/packages/a1/30/b70d9d79e871a75cbdeccd9067f20ecdb9eb2a1dfa03c630be3ad13b8b30/hypothesis-6.165.10-cp310-abi3-macosx_11_0_arm64.whl", hash = "sha256:e10858f57ed0e74baa04393845f469fe8ad502c16ece4499bef7700c575611bd", size = 778815, upload-time = "2026-08-16T22:55:46.948Z" },
    { url = "https://files.pythonhosted.org/packages/db/52/6f0a9b7aab24b0635e2238f3fbddea5b54b17879ac813df42a3cc3384c5c/hypothesis-6.165.10-cp310-abi3-manylinux_2_17_aarch64.manylinux2014_aarch64.whl", hash = "sha256:76a7be86d986223b9f1bdb7e7cbcdb048649901fdb956c598ef73bdab1786cd5", size = 1108009, upload-time = "2026-08-16T22:54:53.082Z" },
    { url = "https://files.pythonhosted.org/packages/f6/06/8d0d4e11ff02350d09ec9f9e90af354158e59e16a8907ba5199a4ff2d7e8/hypothesis-6.165.10-cp310-abi3-manylinux_2_17_armv7l.manylinux2014_armv7l.whl", hash = "sha256:717aea574e0e5edba2868aa66b1caae335d8f1ad3fb29f01dd6502953fa823a1", size = 1136596, upload-time = "2026-08-16T22:54:54.443Z" },
    { url = "https://files.pythonhosted.org/packages/59/dd/01a1e440f2e38dc1ccf5d597af5b8a0bee5f21b674c99c123b5554de9690/hypothesis-6.165.10-cp310-abi3-manylinux_2_17_ppc64le.manylinux2014_ppc64le.whl", hash = "sha256:4334058033e0214475f019e15492a50f3854fe8728cf51fe25c6191a2c3f8e52", size = 1135234, upload-time = "2026-08-16T22:55:08.911Z" },
    { url = "https://files.pythonhosted.org/packages/7d/18/8a26c24d3d9db20265f39df341ab265858c094e209571e3179cf237935f4/hypothesis-6.165.10-cp310-abi3-manylinux_2_17_x86_64.manylinux2014_x86_64.whl", hash = "sha256:2abb50cf1cf77d721de0a24c3f99d9c4ffdeb2cbd1e12aebb5a7a93e2b6b6d1f", size = 1157528, upload-time = "2026-08-16T22:56:02.159Z" },
    { url = "https://files.pythonhosted.org/packages/ea/8e/ce3c829b1937402d7944420ca26a05a0c8563e894dcff03d34ffa279d306/hypothesis-6.165.10-cp310-abi3-manylinux_2_31_riscv64.whl", hash = "sha256:3de69aa8b924b400291a3cc42aaf78e6ab65c905a3e7e1a5dc39d95ef1b428cb", size = 1112870, upload-time = "2026-08-16T22:54:55.919Z" },
    { url = "https://files.pythonhosted.org/packages/f2/1b/4c4926d6c9a2b5d7cc090cc1e91219d6796102aa2a2c4b8f961c939e60b5/hypothesis-6.165.10-cp310-abi3-manylinux_2_5_i686.manylinux1_i686.whl", hash = "sha256:5841331c504e02d7c334591681cb8587cdd59dee7e149db6d3db8e3f9e9f02eb", size = 1149683, upload-time = "2026-08-16T22:55:30.567Z" },
    { url = "https://files.pythonhosted.org/packages/cb/f9/df24eb28412f82465e2b7707f0ff1ec274d580bce389d4d9156617dc7bba/hypothesis-6.165.10-cp310-abi3-musllinux_1_2_aarch64.whl", hash = "sha256:2d0e0f8263d34dd8fa3b39eaa9a50bba56a8470b3dd9ebf6672d10840abe063e", size = 1283402, upload-time = "2026-08-16T22:54:18.054Z" },
    { url = "https://files.pythonhosted.org/packages/4d/07/c2b2a761300cf60b90ccebba4328175331e67d34f4fbd39429a7ddcdce49/hypothesis-6.165.10-cp310-abi3-musllinux_1_2_armv7l.whl", hash = "sha256:0c4e6869817c3cfdf5a2b4d348497b95159bdecb3365be732c9b8570e36a4eef", size = 1409948, upload-time = "2026-08-16T22:54:22.343Z" },
    { url = "https://files.pythonhosted.org/packages/f4/ec/1c2bf1acdd0e273d81f833f85caf0ae5423db68a783554992fca36e6c541/hypothesis-6.165.10-cp310-abi3-musllinux_1_2_ppc64le.whl", hash = "sha256:9f07ae36c3b093e13687a894e79fe69e98a94c0b67fef656c575247682218143", size = 1265023, upload-time = "2026-08-16T22:54:41.402Z" },
    { url = "https://files.pythonhosted.org/packages/3d/a8/7f984908b7391160c7801b84e51ca8e4ba88c89e8d8811aa1aa7c03de73c/hypothesis-6.165.10-cp310-abi3-musllinux_1_2_riscv64.whl", hash = "sha256:aff1f584c9538e8979cd180b1d70bf99bc16be19d4666414f49e5942b21a4f2c", size = 1282698, upload-time = "2026-08-16T22:56:06.998Z" },
    { url = "https://files.pythonhosted.org/packages/48/78/3a5d91c2d0250521736c42dfa2402b75049bc5fe2fb716c10bc84bb91ed1/hypothesis-6.165.10-cp310-abi3-musllinux_1_2_x86_64.whl", hash = "sha256:1f2c4db25fb8ec1a16a8dba580666337b8ffb1887c4cf1750cc954313897cef7", size = 1324816, upload-time = "2026-08-16T22:54:46.675Z" },
    { url = "https://files.pythonhosted.org/packages/6f/99/27450763853a034bca1574d3e0a315164b33ff49c3862df6872dda45e25e/hypothesis-6.165.10-cp310-abi3-win32.whl", hash = "sha256:b33dc30170a7402e03c180f2c5ef69dc077152f35b91621e9cebcde9c7d71746", size = 669039, upload-time = "2026-08-16T22:55:11.962Z" },
    { url = "https://files.pythonhosted.org/packages/2c/fc/ff2988b72b5705ad9ca500444bf3f43e3c2f41edfa034bbfeb23b215791a/hypothesis-6.165.10-cp310-abi3-win_amd64.whl", hash = "sha256:e9f924aa610c0618445e1e8738c822c3190ce2a2699a0cb48ec3a351a96761f2", size = 675213, upload-time = "2026-08-16T22:55:01.697Z" },
    { url = "https://files.pythonhosted.org/packages/c5/8b/821810d36f78d9d9421cd2c5d9d36983b45bb3575c3086276cc5c76f9f73/hypothesis-6.165.10-cp310-abi3-win_arm64.whl", hash = "sha256:1d305448e9bd8e2f4f3cea0eafd809efdaab4e998a0019bc615650c8463e42f1", size = 673537, upload-time = "2026-08-16T22:54:47.898Z" },
    { url = "https://files.pythonhosted.org/packages/3f/77/55e020c9c576532ff7d20bf8b1dfa052ecbd5ada1949b02f76c44c966f7e/hypothesis-6.165.10-cp314-cp314-macosx_10_12_x86_64.whl", hash = "sha256:9ccac776b2ca93b324806facd526ccb45da0fd035001c899a35b02c44431e209", size = 784833, upload-time = "2026-08-16T22:55:21.255Z" },
    { url = "https://files.pythonhosted.org/packages/4f/f2/01da2adf829cf549eaddcabb8e8072077fb3d26da4275f4c1e89b2c0af74/hypothesis-6.165.10-cp314-cp314-macosx_11_0_arm64.whl", hash = "sha256:e5f95f7b622e4171096d92175dda0a560f0955ade9b8a3a07bdcf151f7359611", size = 776545, upload-time = "2026-08-16T22:56:10.159Z" },
    { url = "https://files.pythonhosted.org/packages/cf/8e/58d4f842895220b793c53fc94a6489705b3665bb4d0ae4d338ce03fdf9fb/hypothesis-6.165.10-cp314-cp314-manylinux_2_17_aarch64.manylinux2014_aarch64.whl", hash = "sha256:f76d1562643693b8a40066f1f96af795b93fd9bcfc9690a1af2ff4c5867ee29e", size = 1107271, upload-time = "2026-08-16T22:54:50.266Z" },
    { url = "https://files.pythonhosted.org/packages/8f/b8/206468912d2153306bb8a41afdfc59e45b7a73a0495bbe4b9cb4f0e79c1d/hypothesis-6.165.10-cp314-cp314-manylinux_2_17_x86_64.manylinux2014_x86_64.whl", hash = "sha256:60cab3ab4ea468d31a33739ffd7e94ec3e37dea891d65a6582ecc8a477175191", size = 1156915, upload-time = "2026-08-16T22:54:25.89Z" },
    { url = "https://files.pythonhosted.org/packages/fb/d3/bf5a22929b70a4cfd3edf69c5642b029b27ddb5cfda48fa295d384b01abb/hypothesis-6.165.10-cp314-cp314-musllinux_1_2_aarch64.whl", hash = "sha256:22cf19388f0ff6ced8eb3e49c903d14938e4ed909d93bf28383eef451511e424", size = 1281205, upload-time = "2026-08-16T22:54:44.083Z" },
    { url = "https://files.pythonhosted.org/packages/07/a2/d7b2ba444d36fc84d4779f4431e74dd9b023dc63bcf282199f6e48ad39f4/hypothesis-6.165.10-cp314-cp314-musllinux_1_2_x86_64.whl", hash = "sha256:057d0232f1224dcd0b7698902551a4341a7399f90670b036db6c4376715fe889", size = 1324243, upload-time = "2026-08-16T22:55:41.123Z" },
    { url = "https://files.pythonhosted.org/packages/d1/95/afe6b531fd01928c6f63d394ee413fa2338d088b2b44efcc23596b54477e/hypothesis-6.165.10-cp314-cp314-pyemscripten_2026_0_wasm32.whl", hash = "sha256:ab0f2e9d7d7d4db257f7cf53de3706c2baf124269571f20ffc2bcd6781f03063", size = 616382, upload-time = "2026-08-16T22:55:18.449Z" },
    { url = "https://files.pythonhosted.org/packages/48/86/9b4fb75f520a028edec50ffc904a94d724180395d71feb6d7a0ce7bb6f00/hypothesis-6.165.10-cp314-cp314-win_amd64.whl", hash = "sha256:d1ea02fa8ab3d33eb1125eade81f7136341eb429152c6dbe2ae6f8bc33b3fbdd", size = 672145, upload-time = "2026-08-16T22:54:24.831Z" },
    { url = "https://files.pythonhosted.org/packages/f9/ba/f7bbaae0c789bab7ddb764d2056ee1a463cc95a8acbccc90d4184e48b242/hypothesis-6.165.10-cp314-cp314t-macosx_10_12_x86_64.whl", hash = "sha256:ed1a5891e59472884a03cb9875483e8fc131c80a275c60967f8afc5458a0c8ff", size = 783287, upload-time = "2026-08-16T22:54:23.751Z" },
    { url = "https://files.pythonhosted.org/packages/3a/83/01ef80772b4abd335c49405576dc503cede94fb5da30ba2643a119013aea/hypothesis-6.165.10-cp314-cp314t-macosx_11_0_arm64.whl", hash = "sha256:09772e328a26e50486ac572be34f9887f9aa185efe7ebb16bde4e8f6038db1f4", size = 774991, upload-time = "2026-08-16T22:55:25.987Z" },
    { url = "https://files.pythonhosted.org/packages/a3/0b/f47506241f9d5a5a2efe4c65b6bf4830e9d9576e5d3779007a260699e608/hypothesis-6.165.10-cp314-cp314t-manylinux_2_17_aarch64.manylinux2014_aarch64.whl", hash = "sha256:5cf3b612542ba174c9da4000b59a4f4c81e8d66f87509be85d3a1b71b5c36413", size = 1105499, upload-time = "2026-08-16T22:54:51.864Z" },
    { url = "https://files.pythonhosted.org/packages/84/fe/abb3909b7089835112fbe75bf00d817d733b3a8032759783db0a24ff1e56/hypothesis-6.165.10-cp314-cp314t-manylinux_2_17_x86_64.manylinux2014_x86_64.whl", hash = "sha256:f69ec5be85ef508e206153bed8eafd03f7995dc464356c8bbb279a1e2b7d56f3", size = 1155685, upload-time = "2026-08-16T22:54:30.94Z" },
    { url = "https://files.pythonhosted.org/packages/73/2f/1964738921640184067121ae77414522fc3f0463fc26c6e25a4f3b8e42ca/hypothesis-6.165.10-cp314-cp314t-musllinux_1_2_aarch64.whl", hash = "sha256:dd207497bb985918409a1bb5db85d1875f74e1269487332113b73d1ee7c77647", size = 1279177, upload-time = "2026-08-16T22:54:40.179Z" },
    { url = "https://files.pythonhosted.org/packages/34/c5/312af8ae038d3af9cf3f7f1021c1abfe31c0d9035e4cf63519e0a7dc983e/hypothesis-6.165.10-cp314-cp314t-musllinux_1_2_x86_64.whl", hash = "sha256:00de0abdcf8c05c9d0eab735a3c49a276376b55151e6fcb903c2b39a90e5e5c3", size = 1322921, upload-time = "2026-08-16T22:54:42.7Z" },
    { url = "https://files.pythonhosted.org/packages/9e/e7/b0a2fde7570c090a1b914026266a421c751ef10138fffe37fe0ef9e675c0/hypothesis-6.165.10-cp314-cp314t-win_amd64.whl", hash = "sha256:cc2da5aa4edf14743fa9257e5ba3513963999f01211635702479d8e92b8207c8", size = 672147, upload-time = "2026-08-16T22:55:27.527Z" },
    { url = "https://files.pythonhosted.org/packages/47/fd/985aa564d6ffd06483d45a62b40d319df0a703cd8bc1d041de17d102fbaa/hypothesis-6.165.10-cp315-abi3.abi3t-macosx_10_12_x86_64.whl", hash = "sha256:eeab73050ea58c13dd56e329f594c1dfe32ebd7bb169bbdf4f8ceefbc31ec6b5", size = 782882, upload-time = "2026-08-16T22:55:37.93Z" },
    { url = "https://files.pythonhosted.org/packages/f8/2c/6cc11151e450f72353a490940cd0db704680d07b78dc75dcc9f480e0d0e1/hypothesis-6.165.10-cp315-abi3.abi3t-macosx_11_0_arm64.whl", hash = "sha256:4c68e983d0007d014bb01ad4bcbba78bc432c73a1755ff36d5102ceefa18299a", size = 774584, upload-time = "2026-08-16T22:55:51.822Z" },
    { url = "https://files.pythonhosted.org/packages/10/39/ef26fa79c1738dfe9cdb1a3584fb6717d26429ca6c9d011cc4fdf08130c2/hypothesis-6.165.10-cp315-abi3.abi3t-manylinux_2_17_aarch64.manylinux2014_aarch64.whl", hash = "sha256:7730d8197086f65d8969a991d6728a1d420a51b19fea06535c896cb43a1e05d0", size = 1104876, upload-time = "2026-08-16T22:54:58.937Z" },
    { url = "https://files.pythonhosted.org/packages/4e/f4/3fcc84e7637f42bf00d987093b9418083ac8db81b87392608a60f4b7c5fd/hypothesis-6.165.10-cp315-abi3.abi3t-manylinux_2_17_armv7l.manylinux2014_armv7l.whl", hash = "sha256:7a7980a898a3e6ebe4de1896a0507e3d519edb53fb9b4bda478c9fbeb6514558", size = 1133353, upload-time = "2026-08-16T22:54:28.635Z" },
    { url = "https://files.pythonhosted.org/packages/35/59/21c5c14179c38f8d0de3560e7f1825c083311b3013b63f817d7dc78dfcbd/hypothesis-6.165.10-cp315-abi3.abi3t-manylinux_2_17_ppc64le.manylinux2014_ppc64le.whl", hash = "sha256:b5820d009aedb7ae9cfd32f98b1ab0c0bbd6268379c4fab042218b6b655c63f8", size = 1132300, upload-time = "2026-08-16T22:56:08.539Z" },
    { url = "https://files.pythonhosted.org/packages/14/af/fbb56059961e416b2de7b9dc5352db2e8572bd5ea46892957e4c1e5548ab/hypothesis-6.165.10-cp315-abi3.abi3t-manylinux_2_17_x86_64.manylinux2014_x86_64.whl", hash = "sha256:37a7ac3d34220800e1107871cc391bca1b00439875925d7d821878b8b791f245", size = 1155175, upload-time = "2026-08-16T22:55:19.824Z" },
    { url = "https://files.pythonhosted.org/packages/0f/53/77fb0c2dad445858555429c4e06cf94a59ae8d2407dd6426b5af97c84828/hypothesis-6.165.10-cp315-abi3.abi3t-manylinux_2_31_riscv64.whl", hash = "sha256:dafa7c9dbe3d802f9bcdf261b29c8a70700fb22839947f06e471f62c46b6257f", size = 1109881, upload-time = "2026-08-16T22:55:32.029Z" },
    { url = "https://files.pythonhosted.org/packages/a8/7b/d187f673ff30e6ada640953636f978ffe64a6332f756b64163c2277f8d0c/hypothesis-6.165.10-cp315-abi3.abi3t-manylinux_2_5_i686.manylinux1_i686.whl", hash = "sha256:90915635b9648071129b0f72c0673cf8eac9eb84cfd445c5bedef30c714b1ec2", size = 1144963, upload-time = "2026-08-16T22:56:13.428Z" },
    { url = "https://files.pythonhosted.org/packages/e0/60/31d504e364134d60af23e5f6365db0da3cf4a51b3ed3d4836e5a2cff12cf/hypothesis-6.165.10-cp315-abi3.abi3t-musllinux_1_2_aarch64.whl", hash = "sha256:e1bbeb7c506b07ee0422cf9b2f7212fefa4240957f03526d38d27bc6743a0a48", size = 1278684, upload-time = "2026-08-16T22:55:22.971Z" },
    { url = "https://files.pythonhosted.org/packages/ef/e6/89d26834a08c02f8da149e541dd40d7a96f68d9722f43146e69a77436ed7/hypothesis-6.165.10-cp315-abi3.abi3t-musllinux_1_2_armv7l.whl", hash = "sha256:2b36aaffc88625a44f91074c5bbedfdefb9b376c38d1b3c342edcd2e4c8ed16c", size = 1407202, upload-time = "2026-08-16T22:55:14.949Z" },
    { url = "https://files.pythonhosted.org/packages/dc/61/20d1e72246867ea195440092e8bb422c7ddc2f271b87b5b65679d5532719/hypothesis-6.165.10-cp315-abi3.abi3t-musllinux_1_2_ppc64le.whl", hash = "sha256:18a3ea838ddea183388f8788750afa8494d79abb5358823be9782585f34445d3", size = 1261395, upload-time = "2026-08-16T22:56:05.448Z" },
    { url = "https://files.pythonhosted.org/packages/2a/9b/ebab6c3c2b90a16abb4119198178652d12aff83cc8ec2cfde5276c69fb1e/hypothesis-6.165.10-cp315-abi3.abi3t-musllinux_1_2_riscv64.whl", hash = "sha256:2a2567b3a03a4a5a7c575c191cfcce321a967df3727803817e75bffbbeaecabe", size = 1279213, upload-time = "2026-08-16T22:55:35.066Z" },
    { url = "https://files.pythonhosted.org/packages/23/78/69b219b524231d36eb20c792e1f01e7cb037e02bd0af1c29f77ed9a969c0/hypothesis-6.165.10-cp315-abi3.abi3t-musllinux_1_2_x86_64.whl", hash = "sha256:8001925fa3dde51cb574e4c9de4c7efe77c4e4d64bd2fd2ef61d5651f9d04f3d", size = 1322367, upload-time = "2026-08-16T22:54:21.279Z" },
    { url = "https://files.pythonhosted.org/packages/55/63/ad5cc153dcc72ae5e7905fb9b3585f3e48ce892a2d6366f90163e867a69d/hypothesis-6.165.10-cp315-abi3.abi3t-win32.whl", hash = "sha256:c6559380469295c4009215fe1cab561301591a3bee2e2fb3f4f96d2273a3affc", size = 666038, upload-time = "2026-08-16T22:56:11.797Z" },
    { url = "https://files.pythonhosted.org/packages/80/32/b62307b73fbc99f0a4381d6f9456df76fbcbb7a27ef7256e26f0376f48ea/hypothesis-6.165.10-cp315-abi3.abi3t-win_amd64.whl", hash = "sha256:30797f20ca45e57f526d2df872f63ba453cb4e1091ad542184a7a951af8da79d", size = 671941, upload-time = "2026-08-16T22:55:00.235Z" },
    { url = "https://files.pythonhosted.org/packages/c2/dd/e0f98add0548ef73ea7afac45da1fb8efc854d7f9931db568754d0f963f3/hypothesis-6.165.10-cp315-abi3.abi3t-win_arm64.whl", hash = "sha256:c53e9b1c36350df9965ec44d6c0d4e0bbbb38f720dd2b0e1256dc6524d411015", size = 669931, upload-time = "2026-08-16T22:55:50.205Z" },
]

[[package]]
name = "iniconfig"
version = "2.3.0"
source = { registry = "https://pypi.org/simple" }
sdist = { url = "https://files.pythonhosted.org/packages/72/34/14ca021ce8e5dfedc35312d08ba8bf51fdd999c576889fc2c24cb97f4f10/iniconfig-2.3.0.tar.gz", hash = "sha256:c76315c77db068650d49c5b56314774a7804df16fee4402c1f19d6d15d8c4730", size = 20503, upload-time = "2025-10-18T21:55:43.219Z" }
wheels = [
    { url = "https://files.pythonhosted.org/packages/cb/b1/3846dd7f199d53cb17f49cba7e651e9ce294d8497c8c150530ed11865bb8/iniconfig-2.3.0-py3-none-any.whl", hash = "sha256:f631c04d2c48c52b84d0d0549c99ff3859c98df65b3101406327ecc7d53fbf12", size = 7484, upload-time = "2025-10-18T21:55:41.639Z" },
]

[[package]]
name = "packaging"
version = "26.3"
source = { registry = "https://pypi.org/simple" }
sdist = { url = "https://files.pythonhosted.org/packages/7d/fa/3944b40b07da9ce895c0e6303a5ab7d53da063554f534556b134a54d6093/packaging-26.3.tar.gz", hash = "sha256:94edc256424af38762eb31306eed28beb9f0efc50a8837492c9d6fd6004aed79", size = 313412, upload-time = "2026-08-04T18:15:28.737Z" }
wheels = [
    { url = "https://files.pythonhosted.org/packages/63/34/ba1c580383c9eada3711951fef0795c80b829a078d72188184bcab9dd527/packaging-26.3-py3-none-any.whl", hash = "sha256:d7193f7c8e4e93f444fde0262bf90af30e16fa0ad0ad44cb553c87339b23cd1c", size = 129956, upload-time = "2026-08-04T18:15:27.159Z" },
]

[[package]]
name = "pluggy"
version = "1.6.0"
source = { registry = "https://pypi.org/simple" }
sdist = { url = "https://files.pythonhosted.org/packages/f9/e2/3e91f31a7d2b083fe6ef3fa267035b518369d9511ffab804f839851d2779/pluggy-1.6.0.tar.gz", hash = "sha256:7dcc130b76258d33b90f61b658791dede3486c3e6bfb003ee5c9bfb396dd22f3", size = 69412, upload-time = "2025-05-15T12:30:07.975Z" }
wheels = [
    { url = "https://files.pythonhosted.org/packages/54/20/4d324d65cc6d9205fabedc306948156824eb9f0ee1633355a8f7ec5c66bf/pluggy-1.6.0-py3-none-any.whl", hash = "sha256:e920276dd6813095e9377c0bc5566d94c932c33b27a3e3945d8389c374dd4746", size = 20538, upload-time = "2025-05-15T12:30:06.134Z" },
]

[[package]]
name = "pygments"
version = "2.21.0"
source = { registry = "https://pypi.org/simple" }
sdist = { url = "https://files.pythonhosted.org/packages/49/2e/ced460408999b33da6b31b0021b0f37d329e202d4169aeb164493778f25b/pygments-2.21.0.tar.gz", hash = "sha256:610ca751c9bc2492b38eb9a38a7fbc93edbbb2d7182edaf34e66ae493dee5c8c", size = 5005329, upload-time = "2026-08-17T08:02:48.824Z" }
wheels = [
    { url = "https://files.pythonhosted.org/packages/71/46/17f022dd3e953bf20a04a028a21ec746d942f8d2af30fa0f124fa0e6a684/pygments-2.21.0-py3-none-any.whl", hash = "sha256:2363c69b61c4a97c838da3b130dcd6468f4848992b21a82f2a63ec34377137d9", size = 1250147, upload-time = "2026-08-17T08:02:44.912Z" },
]

[[package]]
name = "pytest"
version = "9.1.1"
source = { registry = "https://pypi.org/simple" }
dependencies = [
    { name = "colorama", marker = "sys_platform == 'win32'" },
    { name = "iniconfig" },
    { name = "packaging" },
    { name = "pluggy" },
    { name = "pygments" },
]
sdist = { url = "https://files.pythonhosted.org/packages/e4/47/b9efed96c114afcfa3c9d3fe98a76a1d14c74a9e266d397cf6eb64be5e01/pytest-9.1.1.tar.gz", hash = "sha256:1088fbde8f2b49d95a549a195707afa7a76a3ce9bcadc26b6d71f0ffda5fe313", size = 1636369, upload-time = "2026-06-19T10:58:32.857Z" }
wheels = [
    { url = "https://files.pythonhosted.org/packages/24/25/1de2678b631f5a49215c6c96fff41ba892b0a34df68d6d80292b1b48aa7f/pytest-9.1.1-py3-none-any.whl", hash = "sha256:37a86b45efb9a47a61a36449063e8e18d0cab3161329fc099eb21783169c4f0c", size = 386536, upload-time = "2026-06-19T10:58:31.347Z" },
]

[[package]]
name = "sortedcontainers"
version = "2.4.0"
source = { registry = "https://pypi.org/simple" }
sdist = { url = "https://files.pythonhosted.org/packages/e8/c4/ba2f8066cceb6f23394729afe52f3bf7adec04bf9ed2c820b39e19299111/sortedcontainers-2.4.0.tar.gz", hash = "sha256:25caa5a06cc30b6b83d11423433f65d1f9d76c4c6a0c90e3379eaa43b9bfdb88", size = 30594, upload-time = "2021-05-16T22:03:42.897Z" }
wheels = [
    { url = "https://files.pythonhosted.org/packages/32/46/9cb0e58b2deb7f82b84065f37f3bffeb12413f947f9388e4cac22c4621ce/sortedcontainers-2.4.0-py2.py3-none-any.whl", hash = "sha256:a163dcaede0f1c021485e957a39245190e74249897e2ae4b2aa38595db237ee0", size = 29575, upload-time = "2021-05-16T22:03:41.177Z" },
]
